// !$*UTF8*$!
{
	archiveVersion = 1;
	classes = {
	};
	objectVersion = 46;
	objects = {

/* Begin PBXBuildFile section */
		0DDD419415B2B5E8003BE131 /* FBDialog.bundle in Resources */ = {isa = PBXBuildFile; fileRef = 0DDD418715B2B5E8003BE131 /* FBDialog.bundle */; };
		0DDD419515B2B5E8003BE131 /* libfacebook_ios_sdk.a in Frameworks */ = {isa = PBXBuildFile; fileRef = 0DDD418D15B2B5E8003BE131 /* libfacebook_ios_sdk.a */; };
		39361DFA15B2C5A800D8BB39 /* CoreLocation.framework in Frameworks */ = {isa = PBXBuildFile; fileRef = 39361DF915B2C5A800D8BB39 /* CoreLocation.framework */; };
		39361DFD15B2C74B00D8BB39 /* AssetsLibrary.framework in Frameworks */ = {isa = PBXBuildFile; fileRef = 39361DFC15B2C74B00D8BB39 /* AssetsLibrary.framework */; };
		39820E7015B2C0A5008B8508 /* ParentViewController.m in Sources */ = {isa = PBXBuildFile; fileRef = 39820E6F15B2C0A5008B8508 /* ParentViewController.m */; };
		39E8E0E315B2124800104E30 /* UIKit.framework in Frameworks */ = {isa = PBXBuildFile; fileRef = 39E8E0E215B2124800104E30 /* UIKit.framework */; };
		39E8E0E515B2124800104E30 /* Foundation.framework in Frameworks */ = {isa = PBXBuildFile; fileRef = 39E8E0E415B2124800104E30 /* Foundation.framework */; };
		39E8E0E715B2124800104E30 /* CoreGraphics.framework in Frameworks */ = {isa = PBXBuildFile; fileRef = 39E8E0E615B2124800104E30 /* CoreGraphics.framework */; };
		39E8E0ED15B2124800104E30 /* InfoPlist.strings in Resources */ = {isa = PBXBuildFile; fileRef = 39E8E0EB15B2124800104E30 /* InfoPlist.strings */; };
		39E8E0EF15B2124800104E30 /* main.m in Sources */ = {isa = PBXBuildFile; fileRef = 39E8E0EE15B2124800104E30 /* main.m */; };
		39E8E0F315B2124800104E30 /* AppDelegate.m in Sources */ = {isa = PBXBuildFile; fileRef = 39E8E0F215B2124800104E30 /* AppDelegate.m */; };
		39E8E0F615B2124800104E30 /* MainStoryboard_iPhone.storyboard in Resources */ = {isa = PBXBuildFile; fileRef = 39E8E0F415B2124800104E30 /* MainStoryboard_iPhone.storyboard */; };
		39E8E0F915B2124800104E30 /* MainStoryboard_iPad.storyboard in Resources */ = {isa = PBXBuildFile; fileRef = 39E8E0F715B2124800104E30 /* MainStoryboard_iPad.storyboard */; };
		39E8E10615B214B000104E30 /* libQuickPrintSDK.a in Frameworks */ = {isa = PBXBuildFile; fileRef = 39E8E10315B214B000104E30 /* libQuickPrintSDK.a */; };
		39E8E11115B214CA00104E30 /* libAviarySDK.a in Frameworks */ = {isa = PBXBuildFile; fileRef = 39E8E10E15B214CA00104E30 /* libAviarySDK.a */; settings = {ATTRIBUTES = (Required, ); }; };
		39E8E11215B214CA00104E30 /* AviarySDKResources.bundle in Resources */ = {isa = PBXBuildFile; fileRef = 39E8E11015B214CA00104E30 /* AviarySDKResources.bundle */; };
		39E8E13215B229FE00104E30 /* libCrittercismCrashOnly_v3_2_5.a in Frameworks */ = {isa = PBXBuildFile; fileRef = 39E8E11815B229FE00104E30 /* libCrittercismCrashOnly_v3_2_5.a */; };
		39E8E13415B22AB800104E30 /* SystemConfiguration.framework in Frameworks */ = {isa = PBXBuildFile; fileRef = 39E8E13315B22AB800104E30 /* SystemConfiguration.framework */; };
		39E8E13615B22ACC00104E30 /* QuartzCore.framework in Frameworks */ = {isa = PBXBuildFile; fileRef = 39E8E13515B22ACC00104E30 /* QuartzCore.framework */; };
		39E8E13815B22AD600104E30 /* StoreKit.framework in Frameworks */ = {isa = PBXBuildFile; fileRef = 39E8E13715B22AD600104E30 /* StoreKit.framework */; };
		39E8E13A15B22AE200104E30 /* Accelerate.framework in Frameworks */ = {isa = PBXBuildFile; fileRef = 39E8E13915B22AE200104E30 /* Accelerate.framework */; };
		39E8E13C15B22AF500104E30 /* libz.1.2.5.dylib in Frameworks */ = {isa = PBXBuildFile; fileRef = 39E8E13B15B22AF400104E30 /* libz.1.2.5.dylib */; };
		39E8E13E15B22B0200104E30 /* libsqlite3.0.dylib in Frameworks */ = {isa = PBXBuildFile; fileRef = 39E8E13D15B22B0200104E30 /* libsqlite3.0.dylib */; };
		39E8E14015B22B0D00104E30 /* CoreData.framework in Frameworks */ = {isa = PBXBuildFile; fileRef = 39E8E13F15B22B0D00104E30 /* CoreData.framework */; };
		39E8E15515B2395200104E30 /* c-64x64-dkblue.png in Resources */ = {isa = PBXBuildFile; fileRef = 39E8E14215B2395200104E30 /* c-64x64-dkblue.png */; };
		39E8E15615B2395200104E30 /* credditter.png in Resources */ = {isa = PBXBuildFile; fileRef = 39E8E14315B2395200104E30 /* credditter.png */; };
		39E8E15715B2395200104E30 /* critter-c.png in Resources */ = {isa = PBXBuildFile; fileRef = 39E8E14415B2395200104E30 /* critter-c.png */; };
		39E8E15815B2395200104E30 /* critterdroid-jellybean.png in Resources */ = {isa = PBXBuildFile; fileRef = 39E8E14515B2395200104E30 /* critterdroid-jellybean.png */; };
		39E8E15915B2395200104E30 /* critterken.png in Resources */ = {isa = PBXBuildFile; fileRef = 39E8E14615B2395200104E30 /* critterken.png */; };
		39E8E15A15B2395200104E30 /* critterobi.png in Resources */ = {isa = PBXBuildFile; fileRef = 39E8E14715B2395200104E30 /* critterobi.png */; };
		39E8E15B15B2395200104E30 /* fancy-critter.png in Resources */ = {isa = PBXBuildFile; fileRef = 39E8E14815B2395200104E30 /* fancy-critter.png */; };
		39E8E15C15B2395200104E30 /* hamster-ftw.png in Resources */ = {isa = PBXBuildFile; fileRef = 39E8E14915B2395200104E30 /* hamster-ftw.png */; };
		39E8E15D15B2395200104E30 /* hamster-ninja.png in Resources */ = {isa = PBXBuildFile; fileRef = 39E8E14A15B2395200104E30 /* hamster-ninja.png */; };
		39E8E15E15B2395200104E30 /* hax0r-critter.png in Resources */ = {isa = PBXBuildFile; fileRef = 39E8E14B15B2395200104E30 /* hax0r-critter.png */; };
		39E8E15F15B2395200104E30 /* html5-critter.png in Resources */ = {isa = PBXBuildFile; fileRef = 39E8E14C15B2395200104E30 /* html5-critter.png */; };
		39E8E16015B2395200104E30 /* ios-critter.png in Resources */ = {isa = PBXBuildFile; fileRef = 39E8E14D15B2395200104E30 /* ios-critter.png */; };
		39E8E16115B2395200104E30 /* logo-critter.png in Resources */ = {isa = PBXBuildFile; fileRef = 39E8E14E15B2395200104E30 /* logo-critter.png */; };
		39E8E16215B2395200104E30 /* movie-critter.png in Resources */ = {isa = PBXBuildFile; fileRef = 39E8E14F15B2395200104E30 /* movie-critter.png */; };
		39E8E16315B2395200104E30 /* nyancritter.png in Resources */ = {isa = PBXBuildFile; fileRef = 39E8E15015B2395200104E30 /* nyancritter.png */; };
		39E8E16415B2395200104E30 /* pride-critter.png in Resources */ = {isa = PBXBuildFile; fileRef = 39E8E15115B2395200104E30 /* pride-critter.png */; };
		39E8E16515B2395200104E30 /* sir-critter.png in Resources */ = {isa = PBXBuildFile; fileRef = 39E8E15215B2395200104E30 /* sir-critter.png */; };
		39E8E16615B2395200104E30 /* surprisedcritter.png in Resources */ = {isa = PBXBuildFile; fileRef = 39E8E15315B2395200104E30 /* surprisedcritter.png */; };
		39E8E16715B2395200104E30 /* tron-critter.png in Resources */ = {isa = PBXBuildFile; fileRef = 39E8E15415B2395200104E30 /* tron-critter.png */; };
		39E8E16A15B2401300104E30 /* logo-arrow-left.jpeg in Resources */ = {isa = PBXBuildFile; fileRef = 39E8E16915B2401300104E30 /* logo-arrow-left.jpeg */; };
/* End PBXBuildFile section */

/* Begin PBXFileReference section */
		0DDD418515B2B5E8003BE131 /* Facebook.h */ = {isa = PBXFileReference; fileEncoding = 4; lastKnownFileType = sourcecode.c.h; path = Facebook.h; sourceTree = "<group>"; };
		0DDD418615B2B5E8003BE131 /* FBConnect.h */ = {isa = PBXFileReference; fileEncoding = 4; lastKnownFileType = sourcecode.c.h; path = FBConnect.h; sourceTree = "<group>"; };
		0DDD418715B2B5E8003BE131 /* FBDialog.bundle */ = {isa = PBXFileReference; lastKnownFileType = "wrapper.plug-in"; path = FBDialog.bundle; sourceTree = "<group>"; };
		0DDD418815B2B5E8003BE131 /* FBDialog.h */ = {isa = PBXFileReference; fileEncoding = 4; lastKnownFileType = sourcecode.c.h; path = FBDialog.h; sourceTree = "<group>"; };
		0DDD418915B2B5E8003BE131 /* FBFrictionlessRequestSettings.h */ = {isa = PBXFileReference; fileEncoding = 4; lastKnownFileType = sourcecode.c.h; path = FBFrictionlessRequestSettings.h; sourceTree = "<group>"; };
		0DDD418A15B2B5E8003BE131 /* FBLoginDialog.h */ = {isa = PBXFileReference; fileEncoding = 4; lastKnownFileType = sourcecode.c.h; path = FBLoginDialog.h; sourceTree = "<group>"; };
		0DDD418B15B2B5E8003BE131 /* FBRequest.h */ = {isa = PBXFileReference; fileEncoding = 4; lastKnownFileType = sourcecode.c.h; path = FBRequest.h; sourceTree = "<group>"; };
		0DDD418C15B2B5E8003BE131 /* JSON.h */ = {isa = PBXFileReference; fileEncoding = 4; lastKnownFileType = sourcecode.c.h; path = JSON.h; sourceTree = "<group>"; };
		0DDD418D15B2B5E8003BE131 /* libfacebook_ios_sdk.a */ = {isa = PBXFileReference; lastKnownFileType = archive.ar; path = libfacebook_ios_sdk.a; sourceTree = "<group>"; };
		0DDD418E15B2B5E8003BE131 /* NSObject+SBJSON.h */ = {isa = PBXFileReference; fileEncoding = 4; lastKnownFileType = sourcecode.c.h; path = "NSObject+SBJSON.h"; sourceTree = "<group>"; };
		0DDD418F15B2B5E8003BE131 /* NSString+SBJSON.h */ = {isa = PBXFileReference; fileEncoding = 4; lastKnownFileType = sourcecode.c.h; path = "NSString+SBJSON.h"; sourceTree = "<group>"; };
		0DDD419015B2B5E8003BE131 /* SBJSON.h */ = {isa = PBXFileReference; fileEncoding = 4; lastKnownFileType = sourcecode.c.h; path = SBJSON.h; sourceTree = "<group>"; };
		0DDD419115B2B5E8003BE131 /* SBJsonBase.h */ = {isa = PBXFileReference; fileEncoding = 4; lastKnownFileType = sourcecode.c.h; path = SBJsonBase.h; sourceTree = "<group>"; };
		0DDD419215B2B5E8003BE131 /* SBJsonParser.h */ = {isa = PBXFileReference; fileEncoding = 4; lastKnownFileType = sourcecode.c.h; path = SBJsonParser.h; sourceTree = "<group>"; };
		0DDD419315B2B5E8003BE131 /* SBJsonWriter.h */ = {isa = PBXFileReference; fileEncoding = 4; lastKnownFileType = sourcecode.c.h; path = SBJsonWriter.h; sourceTree = "<group>"; };
		0DDD41A615B2BB39003BE131 /* SceneCaptureViewController.h */ = {isa = PBXFileReference; lastKnownFileType = sourcecode.c.h; path = SceneCaptureViewController.h; sourceTree = "<group>"; };
		0DDD41A715B2BB39003BE131 /* SceneCaptureViewController.m */ = {isa = PBXFileReference; lastKnownFileType = sourcecode.c.objc; path = SceneCaptureViewController.m; sourceTree = "<group>"; };
		39361DF915B2C5A800D8BB39 /* CoreLocation.framework */ = {isa = PBXFileReference; lastKnownFileType = wrapper.framework; name = CoreLocation.framework; path = System/Library/Frameworks/CoreLocation.framework; sourceTree = SDKROOT; };
		39361DFC15B2C74B00D8BB39 /* AssetsLibrary.framework */ = {isa = PBXFileReference; lastKnownFileType = wrapper.framework; name = AssetsLibrary.framework; path = System/Library/Frameworks/AssetsLibrary.framework; sourceTree = SDKROOT; };
		39820E6E15B2C0A5008B8508 /* ParentViewController.h */ = {isa = PBXFileReference; fileEncoding = 4; lastKnownFileType = sourcecode.c.h; path = ParentViewController.h; sourceTree = "<group>"; };
		39820E6F15B2C0A5008B8508 /* ParentViewController.m */ = {isa = PBXFileReference; fileEncoding = 4; lastKnownFileType = sourcecode.c.objc; path = ParentViewController.m; sourceTree = "<group>"; };
		39E8E0DE15B2124800104E30 /* logo-a-go-go.app */ = {isa = PBXFileReference; explicitFileType = wrapper.application; includeInIndex = 0; path = "logo-a-go-go.app"; sourceTree = BUILT_PRODUCTS_DIR; };
		39E8E0E215B2124800104E30 /* UIKit.framework */ = {isa = PBXFileReference; lastKnownFileType = wrapper.framework; name = UIKit.framework; path = System/Library/Frameworks/UIKit.framework; sourceTree = SDKROOT; };
		39E8E0E415B2124800104E30 /* Foundation.framework */ = {isa = PBXFileReference; lastKnownFileType = wrapper.framework; name = Foundation.framework; path = System/Library/Frameworks/Foundation.framework; sourceTree = SDKROOT; };
		39E8E0E615B2124800104E30 /* CoreGraphics.framework */ = {isa = PBXFileReference; lastKnownFileType = wrapper.framework; name = CoreGraphics.framework; path = System/Library/Frameworks/CoreGraphics.framework; sourceTree = SDKROOT; };
		39E8E0EA15B2124800104E30 /* logo-a-go-go-Info.plist */ = {isa = PBXFileReference; lastKnownFileType = text.plist.xml; path = "logo-a-go-go-Info.plist"; sourceTree = "<group>"; };
		39E8E0EC15B2124800104E30 /* en */ = {isa = PBXFileReference; lastKnownFileType = text.plist.strings; name = en; path = en.lproj/InfoPlist.strings; sourceTree = "<group>"; };
		39E8E0EE15B2124800104E30 /* main.m */ = {isa = PBXFileReference; lastKnownFileType = sourcecode.c.objc; path = main.m; sourceTree = "<group>"; };
		39E8E0F015B2124800104E30 /* logo-a-go-go-Prefix.pch */ = {isa = PBXFileReference; lastKnownFileType = sourcecode.c.h; path = "logo-a-go-go-Prefix.pch"; sourceTree = "<group>"; };
		39E8E0F115B2124800104E30 /* AppDelegate.h */ = {isa = PBXFileReference; lastKnownFileType = sourcecode.c.h; path = AppDelegate.h; sourceTree = "<group>"; };
		39E8E0F215B2124800104E30 /* AppDelegate.m */ = {isa = PBXFileReference; lastKnownFileType = sourcecode.c.objc; path = AppDelegate.m; sourceTree = "<group>"; };
		39E8E0F515B2124800104E30 /* en */ = {isa = PBXFileReference; lastKnownFileType = file.storyboard; name = en; path = en.lproj/MainStoryboard_iPhone.storyboard; sourceTree = "<group>"; };
		39E8E0F815B2124800104E30 /* en */ = {isa = PBXFileReference; lastKnownFileType = file.storyboard; name = en; path = en.lproj/MainStoryboard_iPad.storyboard; sourceTree = "<group>"; };
		39E8E10315B214B000104E30 /* libQuickPrintSDK.a */ = {isa = PBXFileReference; lastKnownFileType = archive.ar; path = libQuickPrintSDK.a; sourceTree = "<group>"; };
		39E8E10415B214B000104E30 /* WAG_CheckoutContext.h */ = {isa = PBXFileReference; fileEncoding = 4; lastKnownFileType = sourcecode.c.h; path = WAG_CheckoutContext.h; sourceTree = "<group>"; };
		39E8E10515B214B000104E30 /* WAG_ImageData.h */ = {isa = PBXFileReference; fileEncoding = 4; lastKnownFileType = sourcecode.c.h; path = WAG_ImageData.h; sourceTree = "<group>"; };
		39E8E10915B214CA00104E30 /* AFPhotoEditorContext.h */ = {isa = PBXFileReference; fileEncoding = 4; lastKnownFileType = sourcecode.c.h; path = AFPhotoEditorContext.h; sourceTree = "<group>"; };
		39E8E10A15B214CA00104E30 /* AFPhotoEditorController.h */ = {isa = PBXFileReference; fileEncoding = 4; lastKnownFileType = sourcecode.c.h; path = AFPhotoEditorController.h; sourceTree = "<group>"; };
		39E8E10B15B214CA00104E30 /* AFPhotoEditorControllerOptions.h */ = {isa = PBXFileReference; fileEncoding = 4; lastKnownFileType = sourcecode.c.h; path = AFPhotoEditorControllerOptions.h; sourceTree = "<group>"; };
		39E8E10C15B214CA00104E30 /* AFPhotoEditorSession.h */ = {isa = PBXFileReference; fileEncoding = 4; lastKnownFileType = sourcecode.c.h; path = AFPhotoEditorSession.h; sourceTree = "<group>"; };
		39E8E10D15B214CA00104E30 /* AFPhotoEditorStyle.h */ = {isa = PBXFileReference; fileEncoding = 4; lastKnownFileType = sourcecode.c.h; path = AFPhotoEditorStyle.h; sourceTree = "<group>"; };
		39E8E10E15B214CA00104E30 /* libAviarySDK.a */ = {isa = PBXFileReference; lastKnownFileType = archive.ar; path = libAviarySDK.a; sourceTree = "<group>"; };
		39E8E11015B214CA00104E30 /* AviarySDKResources.bundle */ = {isa = PBXFileReference; lastKnownFileType = "wrapper.plug-in"; path = AviarySDKResources.bundle; sourceTree = "<group>"; };
		39E8E11415B229FE00104E30 /* CrashReporter.h */ = {isa = PBXFileReference; fileEncoding = 4; lastKnownFileType = sourcecode.c.h; path = CrashReporter.h; sourceTree = "<group>"; };
		39E8E11515B229FE00104E30 /* Crittercism.h */ = {isa = PBXFileReference; fileEncoding = 4; lastKnownFileType = sourcecode.c.h; path = Crittercism.h; sourceTree = "<group>"; };
		39E8E11615B229FE00104E30 /* CrittercismJSONKit.h */ = {isa = PBXFileReference; fileEncoding = 4; lastKnownFileType = sourcecode.c.h; path = CrittercismJSONKit.h; sourceTree = "<group>"; };
		39E8E11715B229FE00104E30 /* CrittercismReachability.h */ = {isa = PBXFileReference; fileEncoding = 4; lastKnownFileType = sourcecode.c.h; path = CrittercismReachability.h; sourceTree = "<group>"; };
		39E8E11815B229FE00104E30 /* libCrittercismCrashOnly_v3_2_5.a */ = {isa = PBXFileReference; lastKnownFileType = archive.ar; path = libCrittercismCrashOnly_v3_2_5.a; sourceTree = "<group>"; };
		39E8E11915B229FE00104E30 /* PLCrashAsync.h */ = {isa = PBXFileReference; fileEncoding = 4; lastKnownFileType = sourcecode.c.h; path = PLCrashAsync.h; sourceTree = "<group>"; };
		39E8E11A15B229FE00104E30 /* PLCrashAsyncImage.h */ = {isa = PBXFileReference; fileEncoding = 4; lastKnownFileType = sourcecode.c.h; path = PLCrashAsyncImage.h; sourceTree = "<group>"; };
		39E8E11B15B229FE00104E30 /* PLCrashAsyncSignalInfo.h */ = {isa = PBXFileReference; fileEncoding = 4; lastKnownFileType = sourcecode.c.h; path = PLCrashAsyncSignalInfo.h; sourceTree = "<group>"; };
		39E8E11C15B229FE00104E30 /* PLCrashFrameWalker.h */ = {isa = PBXFileReference; fileEncoding = 4; lastKnownFileType = sourcecode.c.h; path = PLCrashFrameWalker.h; sourceTree = "<group>"; };
		39E8E11D15B229FE00104E30 /* PLCrashFrameWalker_arm.h */ = {isa = PBXFileReference; fileEncoding = 4; lastKnownFileType = sourcecode.c.h; path = PLCrashFrameWalker_arm.h; sourceTree = "<group>"; };
		39E8E11E15B229FE00104E30 /* PLCrashFrameWalker_i386.h */ = {isa = PBXFileReference; fileEncoding = 4; lastKnownFileType = sourcecode.c.h; path = PLCrashFrameWalker_i386.h; sourceTree = "<group>"; };
		39E8E11F15B229FE00104E30 /* PLCrashFrameWalker_ppc.h */ = {isa = PBXFileReference; fileEncoding = 4; lastKnownFileType = sourcecode.c.h; path = PLCrashFrameWalker_ppc.h; sourceTree = "<group>"; };
		39E8E12015B229FE00104E30 /* PLCrashFrameWalker_x86_64.h */ = {isa = PBXFileReference; fileEncoding = 4; lastKnownFileType = sourcecode.c.h; path = PLCrashFrameWalker_x86_64.h; sourceTree = "<group>"; };
		39E8E12115B229FE00104E30 /* PLCrashLogWriter.h */ = {isa = PBXFileReference; fileEncoding = 4; lastKnownFileType = sourcecode.c.h; path = PLCrashLogWriter.h; sourceTree = "<group>"; };
		39E8E12215B229FE00104E30 /* PLCrashLogWriterEncoding.h */ = {isa = PBXFileReference; fileEncoding = 4; lastKnownFileType = sourcecode.c.h; path = PLCrashLogWriterEncoding.h; sourceTree = "<group>"; };
		39E8E12315B229FE00104E30 /* PLCrashReport.h */ = {isa = PBXFileReference; fileEncoding = 4; lastKnownFileType = sourcecode.c.h; path = PLCrashReport.h; sourceTree = "<group>"; };
		39E8E12415B229FE00104E30 /* PLCrashReportApplicationInfo.h */ = {isa = PBXFileReference; fileEncoding = 4; lastKnownFileType = sourcecode.c.h; path = PLCrashReportApplicationInfo.h; sourceTree = "<group>"; };
		39E8E12515B229FE00104E30 /* PLCrashReportBinaryImageInfo.h */ = {isa = PBXFileReference; fileEncoding = 4; lastKnownFileType = sourcecode.c.h; path = PLCrashReportBinaryImageInfo.h; sourceTree = "<group>"; };
		39E8E12615B229FE00104E30 /* PLCrashReporter.h */ = {isa = PBXFileReference; fileEncoding = 4; lastKnownFileType = sourcecode.c.h; path = PLCrashReporter.h; sourceTree = "<group>"; };
		39E8E12715B229FE00104E30 /* PLCrashReportExceptionInfo.h */ = {isa = PBXFileReference; fileEncoding = 4; lastKnownFileType = sourcecode.c.h; path = PLCrashReportExceptionInfo.h; sourceTree = "<group>"; };
		39E8E12815B229FE00104E30 /* PLCrashReportFormatter.h */ = {isa = PBXFileReference; fileEncoding = 4; lastKnownFileType = sourcecode.c.h; path = PLCrashReportFormatter.h; sourceTree = "<group>"; };
		39E8E12915B229FE00104E30 /* PLCrashReportMachineInfo.h */ = {isa = PBXFileReference; fileEncoding = 4; lastKnownFileType = sourcecode.c.h; path = PLCrashReportMachineInfo.h; sourceTree = "<group>"; };
		39E8E12A15B229FE00104E30 /* PLCrashReportProcessInfo.h */ = {isa = PBXFileReference; fileEncoding = 4; lastKnownFileType = sourcecode.c.h; path = PLCrashReportProcessInfo.h; sourceTree = "<group>"; };
		39E8E12B15B229FE00104E30 /* PLCrashReportProcessorInfo.h */ = {isa = PBXFileReference; fileEncoding = 4; lastKnownFileType = sourcecode.c.h; path = PLCrashReportProcessorInfo.h; sourceTree = "<group>"; };
		39E8E12C15B229FE00104E30 /* PLCrashReportSignalInfo.h */ = {isa = PBXFileReference; fileEncoding = 4; lastKnownFileType = sourcecode.c.h; path = PLCrashReportSignalInfo.h; sourceTree = "<group>"; };
		39E8E12D15B229FE00104E30 /* PLCrashReportSystemInfo.h */ = {isa = PBXFileReference; fileEncoding = 4; lastKnownFileType = sourcecode.c.h; path = PLCrashReportSystemInfo.h; sourceTree = "<group>"; };
		39E8E12E15B229FE00104E30 /* PLCrashReportTextFormatter.h */ = {isa = PBXFileReference; fileEncoding = 4; lastKnownFileType = sourcecode.c.h; path = PLCrashReportTextFormatter.h; sourceTree = "<group>"; };
		39E8E12F15B229FE00104E30 /* PLCrashReportThreadInfo.h */ = {isa = PBXFileReference; fileEncoding = 4; lastKnownFileType = sourcecode.c.h; path = PLCrashReportThreadInfo.h; sourceTree = "<group>"; };
		39E8E13015B229FE00104E30 /* PLCrashSignalHandler.h */ = {isa = PBXFileReference; fileEncoding = 4; lastKnownFileType = sourcecode.c.h; path = PLCrashSignalHandler.h; sourceTree = "<group>"; };
		39E8E13115B229FE00104E30 /* PLCrashSysctl.h */ = {isa = PBXFileReference; fileEncoding = 4; lastKnownFileType = sourcecode.c.h; path = PLCrashSysctl.h; sourceTree = "<group>"; };
		39E8E13315B22AB800104E30 /* SystemConfiguration.framework */ = {isa = PBXFileReference; lastKnownFileType = wrapper.framework; name = SystemConfiguration.framework; path = System/Library/Frameworks/SystemConfiguration.framework; sourceTree = SDKROOT; };
		39E8E13515B22ACC00104E30 /* QuartzCore.framework */ = {isa = PBXFileReference; lastKnownFileType = wrapper.framework; name = QuartzCore.framework; path = System/Library/Frameworks/QuartzCore.framework; sourceTree = SDKROOT; };
		39E8E13715B22AD600104E30 /* StoreKit.framework */ = {isa = PBXFileReference; lastKnownFileType = wrapper.framework; name = StoreKit.framework; path = System/Library/Frameworks/StoreKit.framework; sourceTree = SDKROOT; };
		39E8E13915B22AE200104E30 /* Accelerate.framework */ = {isa = PBXFileReference; lastKnownFileType = wrapper.framework; name = Accelerate.framework; path = System/Library/Frameworks/Accelerate.framework; sourceTree = SDKROOT; };
		39E8E13B15B22AF400104E30 /* libz.1.2.5.dylib */ = {isa = PBXFileReference; lastKnownFileType = "compiled.mach-o.dylib"; name = libz.1.2.5.dylib; path = usr/lib/libz.1.2.5.dylib; sourceTree = SDKROOT; };
		39E8E13D15B22B0200104E30 /* libsqlite3.0.dylib */ = {isa = PBXFileReference; lastKnownFileType = "compiled.mach-o.dylib"; name = libsqlite3.0.dylib; path = usr/lib/libsqlite3.0.dylib; sourceTree = SDKROOT; };
		39E8E13F15B22B0D00104E30 /* CoreData.framework */ = {isa = PBXFileReference; lastKnownFileType = wrapper.framework; name = CoreData.framework; path = System/Library/Frameworks/CoreData.framework; sourceTree = SDKROOT; };
		39E8E14215B2395200104E30 /* c-64x64-dkblue.png */ = {isa = PBXFileReference; lastKnownFileType = image.png; path = "c-64x64-dkblue.png"; sourceTree = "<group>"; };
		39E8E14315B2395200104E30 /* credditter.png */ = {isa = PBXFileReference; lastKnownFileType = image.png; path = credditter.png; sourceTree = "<group>"; };
		39E8E14415B2395200104E30 /* critter-c.png */ = {isa = PBXFileReference; lastKnownFileType = image.png; path = "critter-c.png"; sourceTree = "<group>"; };
		39E8E14515B2395200104E30 /* critterdroid-jellybean.png */ = {isa = PBXFileReference; lastKnownFileType = image.png; path = "critterdroid-jellybean.png"; sourceTree = "<group>"; };
		39E8E14615B2395200104E30 /* critterken.png */ = {isa = PBXFileReference; lastKnownFileType = image.png; path = critterken.png; sourceTree = "<group>"; };
		39E8E14715B2395200104E30 /* critterobi.png */ = {isa = PBXFileReference; lastKnownFileType = image.png; path = critterobi.png; sourceTree = "<group>"; };
		39E8E14815B2395200104E30 /* fancy-critter.png */ = {isa = PBXFileReference; lastKnownFileType = image.png; path = "fancy-critter.png"; sourceTree = "<group>"; };
		39E8E14915B2395200104E30 /* hamster-ftw.png */ = {isa = PBXFileReference; lastKnownFileType = image.png; path = "hamster-ftw.png"; sourceTree = "<group>"; };
		39E8E14A15B2395200104E30 /* hamster-ninja.png */ = {isa = PBXFileReference; lastKnownFileType = image.png; path = "hamster-ninja.png"; sourceTree = "<group>"; };
		39E8E14B15B2395200104E30 /* hax0r-critter.png */ = {isa = PBXFileReference; lastKnownFileType = image.png; path = "hax0r-critter.png"; sourceTree = "<group>"; };
		39E8E14C15B2395200104E30 /* html5-critter.png */ = {isa = PBXFileReference; lastKnownFileType = image.png; path = "html5-critter.png"; sourceTree = "<group>"; };
		39E8E14D15B2395200104E30 /* ios-critter.png */ = {isa = PBXFileReference; lastKnownFileType = image.png; path = "ios-critter.png"; sourceTree = "<group>"; };
		39E8E14E15B2395200104E30 /* logo-critter.png */ = {isa = PBXFileReference; lastKnownFileType = image.png; path = "logo-critter.png"; sourceTree = "<group>"; };
		39E8E14F15B2395200104E30 /* movie-critter.png */ = {isa = PBXFileReference; lastKnownFileType = image.png; path = "movie-critter.png"; sourceTree = "<group>"; };
		39E8E15015B2395200104E30 /* nyancritter.png */ = {isa = PBXFileReference; lastKnownFileType = image.png; path = nyancritter.png; sourceTree = "<group>"; };
		39E8E15115B2395200104E30 /* pride-critter.png */ = {isa = PBXFileReference; lastKnownFileType = image.png; path = "pride-critter.png"; sourceTree = "<group>"; };
		39E8E15215B2395200104E30 /* sir-critter.png */ = {isa = PBXFileReference; lastKnownFileType = image.png; path = "sir-critter.png"; sourceTree = "<group>"; };
		39E8E15315B2395200104E30 /* surprisedcritter.png */ = {isa = PBXFileReference; lastKnownFileType = image.png; path = surprisedcritter.png; sourceTree = "<group>"; };
		39E8E15415B2395200104E30 /* tron-critter.png */ = {isa = PBXFileReference; lastKnownFileType = image.png; path = "tron-critter.png"; sourceTree = "<group>"; };
		39E8E16915B2401300104E30 /* logo-arrow-left.jpeg */ = {isa = PBXFileReference; lastKnownFileType = image.jpeg; path = "logo-arrow-left.jpeg"; sourceTree = "<group>"; };
/* End PBXFileReference section */

/* Begin PBXFrameworksBuildPhase section */
		39E8E0DB15B2124800104E30 /* Frameworks */ = {
			isa = PBXFrameworksBuildPhase;
			buildActionMask = 2147483647;
			files = (
				39361DFD15B2C74B00D8BB39 /* AssetsLibrary.framework in Frameworks */,
				39361DFA15B2C5A800D8BB39 /* CoreLocation.framework in Frameworks */,
				39E8E14015B22B0D00104E30 /* CoreData.framework in Frameworks */,
				39E8E13E15B22B0200104E30 /* libsqlite3.0.dylib in Frameworks */,
				39E8E13C15B22AF500104E30 /* libz.1.2.5.dylib in Frameworks */,
				39E8E13A15B22AE200104E30 /* Accelerate.framework in Frameworks */,
				39E8E13815B22AD600104E30 /* StoreKit.framework in Frameworks */,
				39E8E13615B22ACC00104E30 /* QuartzCore.framework in Frameworks */,
				39E8E13415B22AB800104E30 /* SystemConfiguration.framework in Frameworks */,
				39E8E0E315B2124800104E30 /* UIKit.framework in Frameworks */,
				39E8E0E515B2124800104E30 /* Foundation.framework in Frameworks */,
				39E8E0E715B2124800104E30 /* CoreGraphics.framework in Frameworks */,
				39E8E10615B214B000104E30 /* libQuickPrintSDK.a in Frameworks */,
				39E8E11115B214CA00104E30 /* libAviarySDK.a in Frameworks */,
				39E8E13215B229FE00104E30 /* libCrittercismCrashOnly_v3_2_5.a in Frameworks */,
				0DDD419515B2B5E8003BE131 /* libfacebook_ios_sdk.a in Frameworks */,
			);
			runOnlyForDeploymentPostprocessing = 0;
		};
/* End PBXFrameworksBuildPhase section */

/* Begin PBXGroup section */
		0DDD418415B2B5E8003BE131 /* FacebookSDK */ = {
			isa = PBXGroup;
			children = (
				0DDD418515B2B5E8003BE131 /* Facebook.h */,
				0DDD418615B2B5E8003BE131 /* FBConnect.h */,
				0DDD418715B2B5E8003BE131 /* FBDialog.bundle */,
				0DDD418815B2B5E8003BE131 /* FBDialog.h */,
				0DDD418915B2B5E8003BE131 /* FBFrictionlessRequestSettings.h */,
				0DDD418A15B2B5E8003BE131 /* FBLoginDialog.h */,
				0DDD418B15B2B5E8003BE131 /* FBRequest.h */,
				0DDD418C15B2B5E8003BE131 /* JSON.h */,
				0DDD418D15B2B5E8003BE131 /* libfacebook_ios_sdk.a */,
				0DDD418E15B2B5E8003BE131 /* NSObject+SBJSON.h */,
				0DDD418F15B2B5E8003BE131 /* NSString+SBJSON.h */,
				0DDD419015B2B5E8003BE131 /* SBJSON.h */,
				0DDD419115B2B5E8003BE131 /* SBJsonBase.h */,
				0DDD419215B2B5E8003BE131 /* SBJsonParser.h */,
				0DDD419315B2B5E8003BE131 /* SBJsonWriter.h */,
			);
			name = FacebookSDK;
			path = "facebook-ios-sdk";
			sourceTree = "<group>";
		};
		39E8E0D315B2124800104E30 = {
			isa = PBXGroup;
			children = (
				39E8E0E815B2124800104E30 /* logo-a-go-go */,
				39E8E0E115B2124800104E30 /* Frameworks */,
				39E8E0DF15B2124800104E30 /* Products */,
			);
			sourceTree = "<group>";
		};
		39E8E0DF15B2124800104E30 /* Products */ = {
			isa = PBXGroup;
			children = (
				39E8E0DE15B2124800104E30 /* logo-a-go-go.app */,
			);
			name = Products;
			sourceTree = "<group>";
		};
		39E8E0E115B2124800104E30 /* Frameworks */ = {
			isa = PBXGroup;
			children = (
				39361DFC15B2C74B00D8BB39 /* AssetsLibrary.framework */,
				39361DF915B2C5A800D8BB39 /* CoreLocation.framework */,
				39E8E13F15B22B0D00104E30 /* CoreData.framework */,
				39E8E13D15B22B0200104E30 /* libsqlite3.0.dylib */,
				39E8E13B15B22AF400104E30 /* libz.1.2.5.dylib */,
				39E8E13915B22AE200104E30 /* Accelerate.framework */,
				39E8E13715B22AD600104E30 /* StoreKit.framework */,
				39E8E13515B22ACC00104E30 /* QuartzCore.framework */,
				39E8E13315B22AB800104E30 /* SystemConfiguration.framework */,
				39E8E0E215B2124800104E30 /* UIKit.framework */,
				39E8E0E415B2124800104E30 /* Foundation.framework */,
				39E8E0E615B2124800104E30 /* CoreGraphics.framework */,
			);
			name = Frameworks;
			sourceTree = "<group>";
		};
		39E8E0E815B2124800104E30 /* logo-a-go-go */ = {
			isa = PBXGroup;
			children = (
				0DDD418415B2B5E8003BE131 /* FacebookSDK */,
				39E8E10715B214CA00104E30 /* AviarySDK */,
				39E8E11315B229FE00104E30 /* CrittercismSDK-crashonly */,
				39E8E10215B214B000104E30 /* WalgreensSDK */,
				39820E6E15B2C0A5008B8508 /* ParentViewController.h */,
				39820E6F15B2C0A5008B8508 /* ParentViewController.m */,
				39E8E0F115B2124800104E30 /* AppDelegate.h */,
				39E8E0F215B2124800104E30 /* AppDelegate.m */,
				39E8E0F415B2124800104E30 /* MainStoryboard_iPhone.storyboard */,
				39E8E0F715B2124800104E30 /* MainStoryboard_iPad.storyboard */,
				0DDD41A615B2BB39003BE131 /* SceneCaptureViewController.h */,
				0DDD41A715B2BB39003BE131 /* SceneCaptureViewController.m */,
				39E8E16815B23FF700104E30 /* assets */,
				39E8E14115B2395100104E30 /* CritterStamps */,
				39E8E0E915B2124800104E30 /* Supporting Files */,
			);
			path = "logo-a-go-go";
			sourceTree = "<group>";
		};
		39E8E0E915B2124800104E30 /* Supporting Files */ = {
			isa = PBXGroup;
			children = (
				39E8E0EA15B2124800104E30 /* logo-a-go-go-Info.plist */,
				39E8E0EB15B2124800104E30 /* InfoPlist.strings */,
				39E8E0EE15B2124800104E30 /* main.m */,
				39E8E0F015B2124800104E30 /* logo-a-go-go-Prefix.pch */,
			);
			name = "Supporting Files";
			sourceTree = "<group>";
		};
		39E8E10215B214B000104E30 /* WalgreensSDK */ = {
			isa = PBXGroup;
			children = (
				39E8E10315B214B000104E30 /* libQuickPrintSDK.a */,
				39E8E10415B214B000104E30 /* WAG_CheckoutContext.h */,
				39E8E10515B214B000104E30 /* WAG_ImageData.h */,
			);
			path = WalgreensSDK;
			sourceTree = "<group>";
		};
		39E8E10715B214CA00104E30 /* AviarySDK */ = {
			isa = PBXGroup;
			children = (
				39E8E10815B214CA00104E30 /* Headers */,
				39E8E10E15B214CA00104E30 /* libAviarySDK.a */,
				39E8E10F15B214CA00104E30 /* Resources */,
			);
			path = AviarySDK;
			sourceTree = "<group>";
		};
		39E8E10815B214CA00104E30 /* Headers */ = {
			isa = PBXGroup;
			children = (
				39E8E10915B214CA00104E30 /* AFPhotoEditorContext.h */,
				39E8E10A15B214CA00104E30 /* AFPhotoEditorController.h */,
				39E8E10B15B214CA00104E30 /* AFPhotoEditorControllerOptions.h */,
				39E8E10C15B214CA00104E30 /* AFPhotoEditorSession.h */,
				39E8E10D15B214CA00104E30 /* AFPhotoEditorStyle.h */,
			);
			path = Headers;
			sourceTree = "<group>";
		};
		39E8E10F15B214CA00104E30 /* Resources */ = {
			isa = PBXGroup;
			children = (
				39E8E11015B214CA00104E30 /* AviarySDKResources.bundle */,
			);
			path = Resources;
			sourceTree = "<group>";
		};
		39E8E11315B229FE00104E30 /* CrittercismSDK-crashonly */ = {
			isa = PBXGroup;
			children = (
				39E8E11415B229FE00104E30 /* CrashReporter.h */,
				39E8E11515B229FE00104E30 /* Crittercism.h */,
				39E8E11615B229FE00104E30 /* CrittercismJSONKit.h */,
				39E8E11715B229FE00104E30 /* CrittercismReachability.h */,
				39E8E11815B229FE00104E30 /* libCrittercismCrashOnly_v3_2_5.a */,
				39E8E11915B229FE00104E30 /* PLCrashAsync.h */,
				39E8E11A15B229FE00104E30 /* PLCrashAsyncImage.h */,
				39E8E11B15B229FE00104E30 /* PLCrashAsyncSignalInfo.h */,
				39E8E11C15B229FE00104E30 /* PLCrashFrameWalker.h */,
				39E8E11D15B229FE00104E30 /* PLCrashFrameWalker_arm.h */,
				39E8E11E15B229FE00104E30 /* PLCrashFrameWalker_i386.h */,
				39E8E11F15B229FE00104E30 /* PLCrashFrameWalker_ppc.h */,
				39E8E12015B229FE00104E30 /* PLCrashFrameWalker_x86_64.h */,
				39E8E12115B229FE00104E30 /* PLCrashLogWriter.h */,
				39E8E12215B229FE00104E30 /* PLCrashLogWriterEncoding.h */,
				39E8E12315B229FE00104E30 /* PLCrashReport.h */,
				39E8E12415B229FE00104E30 /* PLCrashReportApplicationInfo.h */,
				39E8E12515B229FE00104E30 /* PLCrashReportBinaryImageInfo.h */,
				39E8E12615B229FE00104E30 /* PLCrashReporter.h */,
				39E8E12715B229FE00104E30 /* PLCrashReportExceptionInfo.h */,
				39E8E12815B229FE00104E30 /* PLCrashReportFormatter.h */,
				39E8E12915B229FE00104E30 /* PLCrashReportMachineInfo.h */,
				39E8E12A15B229FE00104E30 /* PLCrashReportProcessInfo.h */,
				39E8E12B15B229FE00104E30 /* PLCrashReportProcessorInfo.h */,
				39E8E12C15B229FE00104E30 /* PLCrashReportSignalInfo.h */,
				39E8E12D15B229FE00104E30 /* PLCrashReportSystemInfo.h */,
				39E8E12E15B229FE00104E30 /* PLCrashReportTextFormatter.h */,
				39E8E12F15B229FE00104E30 /* PLCrashReportThreadInfo.h */,
				39E8E13015B229FE00104E30 /* PLCrashSignalHandler.h */,
				39E8E13115B229FE00104E30 /* PLCrashSysctl.h */,
			);
			path = "CrittercismSDK-crashonly";
			sourceTree = "<group>";
		};
		39E8E14115B2395100104E30 /* CritterStamps */ = {
			isa = PBXGroup;
			children = (
				39E8E14215B2395200104E30 /* c-64x64-dkblue.png */,
				39E8E14315B2395200104E30 /* credditter.png */,
				39E8E14415B2395200104E30 /* critter-c.png */,
				39E8E14515B2395200104E30 /* critterdroid-jellybean.png */,
				39E8E14615B2395200104E30 /* critterken.png */,
				39E8E14715B2395200104E30 /* critterobi.png */,
				39E8E14815B2395200104E30 /* fancy-critter.png */,
				39E8E14915B2395200104E30 /* hamster-ftw.png */,
				39E8E14A15B2395200104E30 /* hamster-ninja.png */,
				39E8E14B15B2395200104E30 /* hax0r-critter.png */,
				39E8E14C15B2395200104E30 /* html5-critter.png */,
				39E8E14D15B2395200104E30 /* ios-critter.png */,
				39E8E14E15B2395200104E30 /* logo-critter.png */,
				39E8E14F15B2395200104E30 /* movie-critter.png */,
				39E8E15015B2395200104E30 /* nyancritter.png */,
				39E8E15115B2395200104E30 /* pride-critter.png */,
				39E8E15215B2395200104E30 /* sir-critter.png */,
				39E8E15315B2395200104E30 /* surprisedcritter.png */,
				39E8E15415B2395200104E30 /* tron-critter.png */,
			);
			path = CritterStamps;
			sourceTree = "<group>";
		};
		39E8E16815B23FF700104E30 /* assets */ = {
			isa = PBXGroup;
			children = (
				39E8E16915B2401300104E30 /* logo-arrow-left.jpeg */,
			);
			name = assets;
			sourceTree = "<group>";
		};
/* End PBXGroup section */

/* Begin PBXNativeTarget section */
		39E8E0DD15B2124800104E30 /* logo-a-go-go */ = {
			isa = PBXNativeTarget;
			buildConfigurationList = 39E8E0FF15B2124800104E30 /* Build configuration list for PBXNativeTarget "logo-a-go-go" */;
			buildPhases = (
				39E8E0DA15B2124800104E30 /* Sources */,
				39E8E0DB15B2124800104E30 /* Frameworks */,
				39E8E0DC15B2124800104E30 /* Resources */,
			);
			buildRules = (
			);
			dependencies = (
			);
			name = "logo-a-go-go";
			productName = "logo-a-go-go";
			productReference = 39E8E0DE15B2124800104E30 /* logo-a-go-go.app */;
			productType = "com.apple.product-type.application";
		};
/* End PBXNativeTarget section */

/* Begin PBXProject section */
		39E8E0D515B2124800104E30 /* Project object */ = {
			isa = PBXProject;
			attributes = {
				LastUpgradeCheck = 0420;
				ORGANIZATIONNAME = "NinjaSudo Inc.";
			};
			buildConfigurationList = 39E8E0D815B2124800104E30 /* Build configuration list for PBXProject "logo-a-go-go" */;
			compatibilityVersion = "Xcode 3.2";
			developmentRegion = English;
			hasScannedForEncodings = 0;
			knownRegions = (
				en,
			);
			mainGroup = 39E8E0D315B2124800104E30;
			productRefGroup = 39E8E0DF15B2124800104E30 /* Products */;
			projectDirPath = "";
			projectRoot = "";
			targets = (
				39E8E0DD15B2124800104E30 /* logo-a-go-go */,
			);
		};
/* End PBXProject section */

/* Begin PBXResourcesBuildPhase section */
		39E8E0DC15B2124800104E30 /* Resources */ = {
			isa = PBXResourcesBuildPhase;
			buildActionMask = 2147483647;
			files = (
				39E8E0ED15B2124800104E30 /* InfoPlist.strings in Resources */,
				39E8E0F615B2124800104E30 /* MainStoryboard_iPhone.storyboard in Resources */,
				39E8E0F915B2124800104E30 /* MainStoryboard_iPad.storyboard in Resources */,
				39E8E11215B214CA00104E30 /* AviarySDKResources.bundle in Resources */,
				39E8E15515B2395200104E30 /* c-64x64-dkblue.png in Resources */,
				39E8E15615B2395200104E30 /* credditter.png in Resources */,
				39E8E15715B2395200104E30 /* critter-c.png in Resources */,
				39E8E15815B2395200104E30 /* critterdroid-jellybean.png in Resources */,
				39E8E15915B2395200104E30 /* critterken.png in Resources */,
				39E8E15A15B2395200104E30 /* critterobi.png in Resources */,
				39E8E15B15B2395200104E30 /* fancy-critter.png in Resources */,
				39E8E15C15B2395200104E30 /* hamster-ftw.png in Resources */,
				39E8E15D15B2395200104E30 /* hamster-ninja.png in Resources */,
				39E8E15E15B2395200104E30 /* hax0r-critter.png in Resources */,
				39E8E15F15B2395200104E30 /* html5-critter.png in Resources */,
				39E8E16015B2395200104E30 /* ios-critter.png in Resources */,
				39E8E16115B2395200104E30 /* logo-critter.png in Resources */,
				39E8E16215B2395200104E30 /* movie-critter.png in Resources */,
				39E8E16315B2395200104E30 /* nyancritter.png in Resources */,
				39E8E16415B2395200104E30 /* pride-critter.png in Resources */,
				39E8E16515B2395200104E30 /* sir-critter.png in Resources */,
				39E8E16615B2395200104E30 /* surprisedcritter.png in Resources */,
				39E8E16715B2395200104E30 /* tron-critter.png in Resources */,
				39E8E16A15B2401300104E30 /* logo-arrow-left.jpeg in Resources */,
				0DDD419415B2B5E8003BE131 /* FBDialog.bundle in Resources */,
			);
			runOnlyForDeploymentPostprocessing = 0;
		};
/* End PBXResourcesBuildPhase section */

/* Begin PBXSourcesBuildPhase section */
		39E8E0DA15B2124800104E30 /* Sources */ = {
			isa = PBXSourcesBuildPhase;
			buildActionMask = 2147483647;
			files = (
				39E8E0EF15B2124800104E30 /* main.m in Sources */,
				39E8E0F315B2124800104E30 /* AppDelegate.m in Sources */,
				39820E7015B2C0A5008B8508 /* ParentViewController.m in Sources */,
			);
			runOnlyForDeploymentPostprocessing = 0;
		};
/* End PBXSourcesBuildPhase section */

/* Begin PBXVariantGroup section */
		39E8E0EB15B2124800104E30 /* InfoPlist.strings */ = {
			isa = PBXVariantGroup;
			children = (
				39E8E0EC15B2124800104E30 /* en */,
			);
			name = InfoPlist.strings;
			sourceTree = "<group>";
		};
		39E8E0F415B2124800104E30 /* MainStoryboard_iPhone.storyboard */ = {
			isa = PBXVariantGroup;
			children = (
				39E8E0F515B2124800104E30 /* en */,
			);
			name = MainStoryboard_iPhone.storyboard;
			sourceTree = "<group>";
		};
		39E8E0F715B2124800104E30 /* MainStoryboard_iPad.storyboard */ = {
			isa = PBXVariantGroup;
			children = (
				39E8E0F815B2124800104E30 /* en */,
			);
			name = MainStoryboard_iPad.storyboard;
			sourceTree = "<group>";
		};
/* End PBXVariantGroup section */

/* Begin XCBuildConfiguration section */
		39E8E0FD15B2124800104E30 /* Debug */ = {
			isa = XCBuildConfiguration;
			buildSettings = {
				ALWAYS_SEARCH_USER_PATHS = NO;
				ARCHS = "$(ARCHS_STANDARD_32_BIT)";
				CLANG_ENABLE_OBJC_ARC = YES;
				"CODE_SIGN_IDENTITY[sdk=iphoneos*]" = "iPhone Developer";
				COPY_PHASE_STRIP = NO;
				GCC_C_LANGUAGE_STANDARD = gnu99;
				GCC_DYNAMIC_NO_PIC = NO;
				GCC_OPTIMIZATION_LEVEL = 0;
				GCC_PREPROCESSOR_DEFINITIONS = (
					"DEBUG=1",
					"$(inherited)",
				);
				GCC_SYMBOLS_PRIVATE_EXTERN = NO;
				GCC_VERSION = com.apple.compilers.llvm.clang.1_0;
				GCC_WARN_ABOUT_MISSING_PROTOTYPES = YES;
				GCC_WARN_ABOUT_RETURN_TYPE = YES;
				GCC_WARN_UNUSED_VARIABLE = YES;
				IPHONEOS_DEPLOYMENT_TARGET = 5.0;
				SDKROOT = iphoneos;
				TARGETED_DEVICE_FAMILY = "1,2";
			};
			name = Debug;
		};
		39E8E0FE15B2124800104E30 /* Release */ = {
			isa = XCBuildConfiguration;
			buildSettings = {
				ALWAYS_SEARCH_USER_PATHS = NO;
				ARCHS = "$(ARCHS_STANDARD_32_BIT)";
				CLANG_ENABLE_OBJC_ARC = YES;
				"CODE_SIGN_IDENTITY[sdk=iphoneos*]" = "iPhone Developer";
				COPY_PHASE_STRIP = YES;
				GCC_C_LANGUAGE_STANDARD = gnu99;
				GCC_VERSION = com.apple.compilers.llvm.clang.1_0;
				GCC_WARN_ABOUT_MISSING_PROTOTYPES = YES;
				GCC_WARN_ABOUT_RETURN_TYPE = YES;
				GCC_WARN_UNUSED_VARIABLE = YES;
				IPHONEOS_DEPLOYMENT_TARGET = 5.0;
				OTHER_CFLAGS = "-DNS_BLOCK_ASSERTIONS=1";
				SDKROOT = iphoneos;
				TARGETED_DEVICE_FAMILY = "1,2";
				VALIDATE_PRODUCT = YES;
			};
			name = Release;
		};
		39E8E10015B2124800104E30 /* Debug */ = {
			isa = XCBuildConfiguration;
			buildSettings = {
				GCC_PRECOMPILE_PREFIX_HEADER = YES;
				GCC_PREFIX_HEADER = "logo-a-go-go/logo-a-go-go-Prefix.pch";
				INFOPLIST_FILE = "logo-a-go-go/logo-a-go-go-Info.plist";
				LIBRARY_SEARCH_PATHS = (
					"$(inherited)",
					"\"$(SRCROOT)/logo-a-go-go/WalgreensSDK\"",
					"\"$(SRCROOT)/logo-a-go-go/AviarySDK\"",
					"\"$(SRCROOT)/logo-a-go-go/CrittercismSDK-crashonly\"",
					"\"$(SRCROOT)/logo-a-go-go/facebook-ios-sdk\"",
				);
				OTHER_LDFLAGS = (
					"-ObjC",
					"-all_load",
					"-fobjc-arc",
				);
				PRODUCT_NAME = "$(TARGET_NAME)";
				WRAPPER_EXTENSION = app;
			};
			name = Debug;
		};
		39E8E10115B2124800104E30 /* Release */ = {
			isa = XCBuildConfiguration;
			buildSettings = {
				GCC_PRECOMPILE_PREFIX_HEADER = YES;
				GCC_PREFIX_HEADER = "logo-a-go-go/logo-a-go-go-Prefix.pch";
				INFOPLIST_FILE = "logo-a-go-go/logo-a-go-go-Info.plist";
				LIBRARY_SEARCH_PATHS = (
					"$(inherited)",
					"\"$(SRCROOT)/logo-a-go-go/WalgreensSDK\"",
					"\"$(SRCROOT)/logo-a-go-go/AviarySDK\"",
					"\"$(SRCROOT)/logo-a-go-go/CrittercismSDK-crashonly\"",
					"\"$(SRCROOT)/logo-a-go-go/facebook-ios-sdk\"",
				);
				OTHER_LDFLAGS = (
					"-ObjC",
					"-all_load",
					"-fobjc-arc",
				);
				PRODUCT_NAME = "$(TARGET_NAME)";
				WRAPPER_EXTENSION = app;
			};
			name = Release;
		};
/* End XCBuildConfiguration section */

/* Begin XCConfigurationList section */
		39E8E0D815B2124800104E30 /* Build configuration list for PBXProject "logo-a-go-go" */ = {
			isa = XCConfigurationList;
			buildConfigurations = (
				39E8E0FD15B2124800104E30 /* Debug */,
				39E8E0FE15B2124800104E30 /* Release */,
			);
			defaultConfigurationIsVisible = 0;
			defaultConfigurationName = Release;
		};
		39E8E0FF15B2124800104E30 /* Build configuration list for PBXNativeTarget "logo-a-go-go" */ = {
			isa = XCConfigurationList;
			buildConfigurations = (
				39E8E10015B2124800104E30 /* Debug */,
				39E8E10115B2124800104E30 /* Release */,
			);
			defaultConfigurationIsVisible = 0;
			defaultConfigurationName = Release;
		};
/* End XCConfigurationList section */
	};
	rootObject = 39E8E0D515B2124800104E30 /* Project object */;
}
